
Microsoft Visual Studio Solution File, Format Version 12.00
# Visual Studio 14
VisualStudioVersion = 14.0.24720.0
MinimumVisualStudioVersion = 10.0.40219.1
Project("{FAE04EC0-301F-11D3-BF4B-00C04F79EFBC}") = "ELF.NET", "ELF.NET\ELF.NET.csproj", "{68DB60BB-8D13-4EC9-8F41-B092D1166E3C}"
EndProject
Project("{FAE04EC0-301F-11D3-BF4B-00C04F79EFBC}") = "TestApp", "TestApp\TestApp.csproj", "{D9DEE956-A363-4EB6-8678-7AE23E93E5A6}"
EndProject
Project("{F2A71F9B-5D33-465A-A702-920D77279786}") = "ELF.NET.FSharp", "ELF.NET.FSharp\ELF.NET.FSharp.fsproj", "{135D4F0B-DFE7-49F2-AFD4-674BD596ABFD}"
EndProject
Global
	GlobalSection(SolutionConfigurationPlatforms) = preSolution
		Debug|Any CPU = Debug|Any CPU
		Release|Any CPU = Release|Any CPU
	EndGlobalSection
	GlobalSection(ProjectConfigurationPlatforms) = postSolution
		{68DB60BB-8D13-4EC9-8F41-B092D1166E3C}.Debug|Any CPU.ActiveCfg = Debug|Any CPU
		{68DB60BB-8D13-4EC9-8F41-B092D1166E3C}.Debug|Any CPU.Build.0 = Debug|Any CPU
		{68DB60BB-8D13-4EC9-8F41-B092D1166E3C}.Release|Any CPU.ActiveCfg = Release|Any CPU
		{68DB60BB-8D13-4EC9-8F41-B092D1166E3C}.Release|Any CPU.Build.0 = Release|Any CPU
		{D9DEE956-A363-4EB6-8678-7AE23E93E5A6}.Debug|Any CPU.ActiveCfg = Debug|Any CPU
		{D9DEE956-A363-4EB6-8678-7AE23E93E5A6}.Debug|Any CPU.Build.0 = Debug|Any CPU
		{D9DEE956-A363-4EB6-8678-7AE23E93E5A6}.Release|Any CPU.ActiveCfg = Release|Any CPU
		{D9DEE956-A363-4EB6-8678-7AE23E93E5A6}.Release|Any CPU.Build.0 = Release|Any CPU
		{135D4F0B-DFE7-49F2-AFD4-674BD596ABFD}.Debug|Any CPU.ActiveCfg = Debug|Any CPU
		{135D4F0B-DFE7-49F2-AFD4-674BD596ABFD}.Debug|Any CPU.Build.0 = Debug|Any CPU
		{135D4F0B-DFE7-49F2-AFD4-674BD596ABFD}.Release|Any CPU.ActiveCfg = Release|Any CPU
		{135D4F0B-DFE7-49F2-AFD4-674BD596ABFD}.Release|Any CPU.Build.0 = Release|Any CPU
	EndGlobalSection
	GlobalSection(SolutionProperties) = preSolution
		HideSolutionNode = FALSE
	EndGlobalSection
EndGlobal
